
Microsoft Visual Studio Solution File, Format Version 12.00
# Visual Studio Version 17
VisualStudioVersion = 17.11.35219.272
MinimumVisualStudioVersion = 10.0.40219.1
Project("{FAE04EC0-301F-11D3-BF4B-00C04F79EFBC}") = "_netlab", "_netlab\_netlab.csproj", "{D621A250-B1E9-48EF-B759-FAB14DD683ED}"
EndProject
Global
	GlobalSection(SolutionConfigurationPlatforms) = preSolution
		Debug|Any CPU = Debug|Any CPU
		Release|Any CPU = Release|Any CPU
	EndGlobalSection
	GlobalSection(ProjectConfigurationPlatforms) = postSolution
		{D621A250-B1E9-48EF-B759-FAB14DD683ED}.Debug|Any CPU.ActiveCfg = Debug|Any CPU
		{D621A250-B1E9-48EF-B759-FAB14DD683ED}.Debug|Any CPU.Build.0 = Debug|Any CPU
		{D621A250-B1E9-48EF-B759-FAB14DD683ED}.Release|Any CPU.ActiveCfg = Release|Any CPU
		{D621A250-B1E9-48EF-B759-FAB14DD683ED}.Release|Any CPU.Build.0 = Release|Any CPU
	EndGlobalSection
	GlobalSection(SolutionProperties) = preSolution
		HideSolutionNode = FALSE
	EndGlobalSection
	GlobalSection(ExtensibilityGlobals) = postSolution
		SolutionGuid = {FDBD74A1-1974-4C7C-8E90-1A9DD2FD60E2}
	EndGlobalSection
EndGlobal
